// !$*UTF8*$!
{
	archiveVersion = 1;
	classes = {
	};
	objectVersion = 50;
	objects = {

/* Begin PBXBuildFile section */
		710D923A215FDBCA00E192C8 /* IngredientTableViewCell.swift in Sources */ = {isa = PBXBuildFile; fileRef = 710D9239215FDBCA00E192C8 /* IngredientTableViewCell.swift */; };
		7133783921B68D7A00A2277A /* SpecificStepView.xib in Resources */ = {isa = PBXBuildFile; fileRef = 7133783821B68D7A00A2277A /* SpecificStepView.xib */; };
		7136B1302172394800712CC0 /* Step.swift in Sources */ = {isa = PBXBuildFile; fileRef = 7136B12F2172394800712CC0 /* Step.swift */; };
		7136B132217240B800712CC0 /* RecipeViewController.swift in Sources */ = {isa = PBXBuildFile; fileRef = 7136B131217240B800712CC0 /* RecipeViewController.swift */; };
		714B35AB218C87310079BAE1 /* ModelWithPicture.swift in Sources */ = {isa = PBXBuildFile; fileRef = 714B35AA218C87310079BAE1 /* ModelWithPicture.swift */; };
		714BB49A21675F6F00ACB4B9 /* Recipe.swift in Sources */ = {isa = PBXBuildFile; fileRef = 714BB49921675F6E00ACB4B9 /* Recipe.swift */; };
		714C430021B01592004065ED /* KeyboardViewController.swift in Sources */ = {isa = PBXBuildFile; fileRef = 714C42FF21B01592004065ED /* KeyboardViewController.swift */; };
		714C430421B01593004065ED /* TooskieKeyboard.appex in Embed App Extensions */ = {isa = PBXBuildFile; fileRef = 714C42FD21B01592004065ED /* TooskieKeyboard.appex */; settings = {ATTRIBUTES = (RemoveHeadersOnCopy, ); }; };
		716123B9215B6B7200B458A0 /* Pantry.swift in Sources */ = {isa = PBXBuildFile; fileRef = 716123B8215B6B7200B458A0 /* Pantry.swift */; };
		716123BB215B6BC200B458A0 /* Ingredient.swift in Sources */ = {isa = PBXBuildFile; fileRef = 716123BA215B6BC200B458A0 /* Ingredient.swift */; };
		716BAFF921838774001119DD /* ViewUtils.swift in Sources */ = {isa = PBXBuildFile; fileRef = 716BAFF821838774001119DD /* ViewUtils.swift */; };
		718062BA218352E800248657 /* ShoppingProposalViewController.swift in Sources */ = {isa = PBXBuildFile; fileRef = 718062B9218352E800248657 /* ShoppingProposalViewController.swift */; };
		718366F1218314F1002E4277 /* ControllerUtils.swift in Sources */ = {isa = PBXBuildFile; fileRef = 718366F0218314F1002E4277 /* ControllerUtils.swift */; };
		7184C49F21637B7F000886B0 /* ServerConfig.swift in Sources */ = {isa = PBXBuildFile; fileRef = 7184C49E21637B7F000886B0 /* ServerConfig.swift */; };
		7184C4A12163B840000886B0 /* ModelUtils.swift in Sources */ = {isa = PBXBuildFile; fileRef = 7184C4A02163B840000886B0 /* ModelUtils.swift */; };
		718F670C215B481000F59A5C /* AppDelegate.swift in Sources */ = {isa = PBXBuildFile; fileRef = 718F670B215B481000F59A5C /* AppDelegate.swift */; };
		718F670E215B481000F59A5C /* PantryFillViewController.swift in Sources */ = {isa = PBXBuildFile; fileRef = 718F670D215B481000F59A5C /* PantryFillViewController.swift */; };
		718F6711215B481000F59A5C /* Main.storyboard in Resources */ = {isa = PBXBuildFile; fileRef = 718F670F215B481000F59A5C /* Main.storyboard */; };
		718F6716215B481100F59A5C /* LaunchScreen.storyboard in Resources */ = {isa = PBXBuildFile; fileRef = 718F6714215B481100F59A5C /* LaunchScreen.storyboard */; };
		718F671E215B4ABB00F59A5C /* .gitignore in Resources */ = {isa = PBXBuildFile; fileRef = 718F671D215B4ABB00F59A5C /* .gitignore */; };
		71D44F2621726CA2009EE89F /* RecipeIntroViewController.swift in Sources */ = {isa = PBXBuildFile; fileRef = 71D44F2521726CA2009EE89F /* RecipeIntroViewController.swift */; };
		71D55AA8216A08D000906BFD /* RecipeSuggestionViewController.swift in Sources */ = {isa = PBXBuildFile; fileRef = 71D55AA7216A08D000906BFD /* RecipeSuggestionViewController.swift */; };
		71D55AAC216A14F400906BFD /* SingleRecipe.swift in Sources */ = {isa = PBXBuildFile; fileRef = 71D55AAB216A14F400906BFD /* SingleRecipe.swift */; };
		71FE6ADD216BAC6600562741 /* Assets.xcassets in Resources */ = {isa = PBXBuildFile; fileRef = 71FE6ADC216BAC6600562741 /* Assets.xcassets */; };
/* End PBXBuildFile section */

/* Begin PBXContainerItemProxy section */
		714C430221B01593004065ED /* PBXContainerItemProxy */ = {
			isa = PBXContainerItemProxy;
			containerPortal = 718F6700215B481000F59A5C /* Project object */;
			proxyType = 1;
			remoteGlobalIDString = 714C42FC21B01592004065ED;
			remoteInfo = TooskieKeyboard;
		};
/* End PBXContainerItemProxy section */

/* Begin PBXCopyFilesBuildPhase section */
		714C430821B01593004065ED /* Embed App Extensions */ = {
			isa = PBXCopyFilesBuildPhase;
			buildActionMask = 2147483647;
			dstPath = "";
			dstSubfolderSpec = 13;
			files = (
				714C430421B01593004065ED /* TooskieKeyboard.appex in Embed App Extensions */,
			);
			name = "Embed App Extensions";
			runOnlyForDeploymentPostprocessing = 0;
		};
/* End PBXCopyFilesBuildPhase section */

/* Begin PBXFileReference section */
		710D9239215FDBCA00E192C8 /* IngredientTableViewCell.swift */ = {isa = PBXFileReference; lastKnownFileType = sourcecode.swift; path = IngredientTableViewCell.swift; sourceTree = "<group>"; };
		7133783821B68D7A00A2277A /* SpecificStepView.xib */ = {isa = PBXFileReference; lastKnownFileType = file.xib; path = SpecificStepView.xib; sourceTree = "<group>"; };
		7136B12F2172394800712CC0 /* Step.swift */ = {isa = PBXFileReference; lastKnownFileType = sourcecode.swift; path = Step.swift; sourceTree = "<group>"; };
		7136B131217240B800712CC0 /* RecipeViewController.swift */ = {isa = PBXFileReference; lastKnownFileType = sourcecode.swift; path = RecipeViewController.swift; sourceTree = "<group>"; };
		714B35AA218C87310079BAE1 /* ModelWithPicture.swift */ = {isa = PBXFileReference; lastKnownFileType = sourcecode.swift; path = ModelWithPicture.swift; sourceTree = "<group>"; };
		714BB49921675F6E00ACB4B9 /* Recipe.swift */ = {isa = PBXFileReference; lastKnownFileType = sourcecode.swift; path = Recipe.swift; sourceTree = "<group>"; };
		714C42FD21B01592004065ED /* TooskieKeyboard.appex */ = {isa = PBXFileReference; explicitFileType = "wrapper.app-extension"; includeInIndex = 0; path = TooskieKeyboard.appex; sourceTree = BUILT_PRODUCTS_DIR; };
		714C42FF21B01592004065ED /* KeyboardViewController.swift */ = {isa = PBXFileReference; lastKnownFileType = sourcecode.swift; path = KeyboardViewController.swift; sourceTree = "<group>"; };
		714C430121B01593004065ED /* Info.plist */ = {isa = PBXFileReference; lastKnownFileType = text.plist.xml; path = Info.plist; sourceTree = "<group>"; };
		716123B8215B6B7200B458A0 /* Pantry.swift */ = {isa = PBXFileReference; lastKnownFileType = sourcecode.swift; path = Pantry.swift; sourceTree = "<group>"; };
		716123BA215B6BC200B458A0 /* Ingredient.swift */ = {isa = PBXFileReference; lastKnownFileType = sourcecode.swift; path = Ingredient.swift; sourceTree = "<group>"; };
		716BAFF821838774001119DD /* ViewUtils.swift */ = {isa = PBXFileReference; lastKnownFileType = sourcecode.swift; path = ViewUtils.swift; sourceTree = "<group>"; };
		718062B9218352E800248657 /* ShoppingProposalViewController.swift */ = {isa = PBXFileReference; lastKnownFileType = sourcecode.swift; path = ShoppingProposalViewController.swift; sourceTree = "<group>"; };
		718366F0218314F1002E4277 /* ControllerUtils.swift */ = {isa = PBXFileReference; lastKnownFileType = sourcecode.swift; path = ControllerUtils.swift; sourceTree = "<group>"; };
		7184C49E21637B7F000886B0 /* ServerConfig.swift */ = {isa = PBXFileReference; lastKnownFileType = sourcecode.swift; path = ServerConfig.swift; sourceTree = "<group>"; };
		7184C4A02163B840000886B0 /* ModelUtils.swift */ = {isa = PBXFileReference; lastKnownFileType = sourcecode.swift; path = ModelUtils.swift; sourceTree = "<group>"; };
		718F6708215B481000F59A5C /* tooskie-ios.app */ = {isa = PBXFileReference; explicitFileType = wrapper.application; includeInIndex = 0; path = "tooskie-ios.app"; sourceTree = BUILT_PRODUCTS_DIR; };
		718F670B215B481000F59A5C /* AppDelegate.swift */ = {isa = PBXFileReference; lastKnownFileType = sourcecode.swift; path = AppDelegate.swift; sourceTree = "<group>"; };
		718F670D215B481000F59A5C /* PantryFillViewController.swift */ = {isa = PBXFileReference; lastKnownFileType = sourcecode.swift; path = PantryFillViewController.swift; sourceTree = "<group>"; };
		718F6710215B481000F59A5C /* Base */ = {isa = PBXFileReference; lastKnownFileType = file.storyboard; name = Base; path = Base.lproj/Main.storyboard; sourceTree = "<group>"; };
		718F6715215B481100F59A5C /* Base */ = {isa = PBXFileReference; lastKnownFileType = file.storyboard; name = Base; path = Base.lproj/LaunchScreen.storyboard; sourceTree = "<group>"; };
		718F6717215B481100F59A5C /* Info.plist */ = {isa = PBXFileReference; lastKnownFileType = text.plist.xml; path = Info.plist; sourceTree = "<group>"; };
		718F671D215B4ABB00F59A5C /* .gitignore */ = {isa = PBXFileReference; lastKnownFileType = text; path = .gitignore; sourceTree = "<group>"; };
		71D44F2521726CA2009EE89F /* RecipeIntroViewController.swift */ = {isa = PBXFileReference; lastKnownFileType = sourcecode.swift; path = RecipeIntroViewController.swift; sourceTree = "<group>"; };
		71D55AA7216A08D000906BFD /* RecipeSuggestionViewController.swift */ = {isa = PBXFileReference; lastKnownFileType = sourcecode.swift; path = RecipeSuggestionViewController.swift; sourceTree = "<group>"; };
		71D55AAB216A14F400906BFD /* SingleRecipe.swift */ = {isa = PBXFileReference; lastKnownFileType = sourcecode.swift; path = SingleRecipe.swift; sourceTree = "<group>"; };
		71FE6ADC216BAC6600562741 /* Assets.xcassets */ = {isa = PBXFileReference; lastKnownFileType = folder.assetcatalog; path = Assets.xcassets; sourceTree = "<group>"; };
/* End PBXFileReference section */

/* Begin PBXFrameworksBuildPhase section */
		714C42FA21B01592004065ED /* Frameworks */ = {
			isa = PBXFrameworksBuildPhase;
			buildActionMask = 2147483647;
			files = (
			);
			runOnlyForDeploymentPostprocessing = 0;
		};
		718F6705215B481000F59A5C /* Frameworks */ = {
			isa = PBXFrameworksBuildPhase;
			buildActionMask = 2147483647;
			files = (
			);
			runOnlyForDeploymentPostprocessing = 0;
		};
/* End PBXFrameworksBuildPhase section */

/* Begin PBXGroup section */
		714C42FE21B01592004065ED /* TooskieKeyboard */ = {
			isa = PBXGroup;
			children = (
				714C42FF21B01592004065ED /* KeyboardViewController.swift */,
				714C430121B01593004065ED /* Info.plist */,
			);
			path = TooskieKeyboard;
			sourceTree = "<group>";
		};
		718F66FF215B481000F59A5C = {
			isa = PBXGroup;
			children = (
				718F671D215B4ABB00F59A5C /* .gitignore */,
				718F670A215B481000F59A5C /* tooskie-ios */,
				714C42FE21B01592004065ED /* TooskieKeyboard */,
				718F6709215B481000F59A5C /* Products */,
			);
			sourceTree = "<group>";
		};
		718F6709215B481000F59A5C /* Products */ = {
			isa = PBXGroup;
			children = (
				718F6708215B481000F59A5C /* tooskie-ios.app */,
				714C42FD21B01592004065ED /* TooskieKeyboard.appex */,
			);
			name = Products;
			sourceTree = "<group>";
		};
		718F670A215B481000F59A5C /* tooskie-ios */ = {
			isa = PBXGroup;
			children = (
				718F6717215B481100F59A5C /* Info.plist */,
				71E6F404215EBBB000DC44B6 /* Model */,
				71E6F406215EBBC100DC44B6 /* Controller */,
				71E6F405215EBBBC00DC44B6 /* View */,
				71E6F407215EBC1A00DC44B6 /* Supporting Files */,
			);
			path = "tooskie-ios";
			sourceTree = "<group>";
		};
		71E6F404215EBBB000DC44B6 /* Model */ = {
			isa = PBXGroup;
			children = (
				716123B8215B6B7200B458A0 /* Pantry.swift */,
				7184C49E21637B7F000886B0 /* ServerConfig.swift */,
				7184C4A02163B840000886B0 /* ModelUtils.swift */,
				716123BA215B6BC200B458A0 /* Ingredient.swift */,
				7136B12F2172394800712CC0 /* Step.swift */,
				714BB49921675F6E00ACB4B9 /* Recipe.swift */,
				714B35AA218C87310079BAE1 /* ModelWithPicture.swift */,
			);
			path = Model;
			sourceTree = "<group>";
		};
		71E6F405215EBBBC00DC44B6 /* View */ = {
			isa = PBXGroup;
			children = (
				710D9239215FDBCA00E192C8 /* IngredientTableViewCell.swift */,
				71D55AAB216A14F400906BFD /* SingleRecipe.swift */,
				716BAFF821838774001119DD /* ViewUtils.swift */,
				718F670F215B481000F59A5C /* Main.storyboard */,
				7133783821B68D7A00A2277A /* SpecificStepView.xib */,
			);
			path = View;
			sourceTree = "<group>";
		};
		71E6F406215EBBC100DC44B6 /* Controller */ = {
			isa = PBXGroup;
			children = (
				718F670D215B481000F59A5C /* PantryFillViewController.swift */,
				718366F0218314F1002E4277 /* ControllerUtils.swift */,
				7136B131217240B800712CC0 /* RecipeViewController.swift */,
				71D44F2521726CA2009EE89F /* RecipeIntroViewController.swift */,
				71D55AA7216A08D000906BFD /* RecipeSuggestionViewController.swift */,
				718062B9218352E800248657 /* ShoppingProposalViewController.swift */,
			);
			path = Controller;
			sourceTree = "<group>";
		};
		71E6F407215EBC1A00DC44B6 /* Supporting Files */ = {
			isa = PBXGroup;
			children = (
				718F670B215B481000F59A5C /* AppDelegate.swift */,
				71FE6ADC216BAC6600562741 /* Assets.xcassets */,
				718F6714215B481100F59A5C /* LaunchScreen.storyboard */,
			);
			path = "Supporting Files";
			sourceTree = "<group>";
		};
/* End PBXGroup section */

/* Begin PBXNativeTarget section */
		714C42FC21B01592004065ED /* TooskieKeyboard */ = {
			isa = PBXNativeTarget;
			buildConfigurationList = 714C430721B01593004065ED /* Build configuration list for PBXNativeTarget "TooskieKeyboard" */;
			buildPhases = (
				714C42F921B01592004065ED /* Sources */,
				714C42FA21B01592004065ED /* Frameworks */,
				714C42FB21B01592004065ED /* Resources */,
			);
			buildRules = (
			);
			dependencies = (
			);
			name = TooskieKeyboard;
			productName = TooskieKeyboard;
			productReference = 714C42FD21B01592004065ED /* TooskieKeyboard.appex */;
			productType = "com.apple.product-type.app-extension";
		};
		718F6707215B481000F59A5C /* tooskie-ios */ = {
			isa = PBXNativeTarget;
			buildConfigurationList = 718F671A215B481100F59A5C /* Build configuration list for PBXNativeTarget "tooskie-ios" */;
			buildPhases = (
				718F6704215B481000F59A5C /* Sources */,
				718F6705215B481000F59A5C /* Frameworks */,
				718F6706215B481000F59A5C /* Resources */,
				714C430821B01593004065ED /* Embed App Extensions */,
			);
			buildRules = (
			);
			dependencies = (
				714C430321B01593004065ED /* PBXTargetDependency */,
			);
			name = "tooskie-ios";
			productName = "tooskie-ios";
			productReference = 718F6708215B481000F59A5C /* tooskie-ios.app */;
			productType = "com.apple.product-type.application";
		};
/* End PBXNativeTarget section */

/* Begin PBXProject section */
		718F6700215B481000F59A5C /* Project object */ = {
			isa = PBXProject;
			attributes = {
				LastSwiftUpdateCheck = 1010;
				LastUpgradeCheck = 1000;
				ORGANIZATIONNAME = "Antoine Hoorelbeke";
				TargetAttributes = {
					714C42FC21B01592004065ED = {
						CreatedOnToolsVersion = 10.1;
					};
					718F6707215B481000F59A5C = {
						CreatedOnToolsVersion = 10.0;
					};
				};
			};
			buildConfigurationList = 718F6703215B481000F59A5C /* Build configuration list for PBXProject "tooskie-ios" */;
			compatibilityVersion = "Xcode 9.3";
			developmentRegion = en;
			hasScannedForEncodings = 0;
			knownRegions = (
				en,
				Base,
			);
			mainGroup = 718F66FF215B481000F59A5C;
			productRefGroup = 718F6709215B481000F59A5C /* Products */;
			projectDirPath = "";
			projectRoot = "";
			targets = (
				718F6707215B481000F59A5C /* tooskie-ios */,
				714C42FC21B01592004065ED /* TooskieKeyboard */,
			);
		};
/* End PBXProject section */

/* Begin PBXResourcesBuildPhase section */
		714C42FB21B01592004065ED /* Resources */ = {
			isa = PBXResourcesBuildPhase;
			buildActionMask = 2147483647;
			files = (
			);
			runOnlyForDeploymentPostprocessing = 0;
		};
		718F6706215B481000F59A5C /* Resources */ = {
			isa = PBXResourcesBuildPhase;
			buildActionMask = 2147483647;
			files = (
				7133783921B68D7A00A2277A /* SpecificStepView.xib in Resources */,
				718F671E215B4ABB00F59A5C /* .gitignore in Resources */,
				718F6716215B481100F59A5C /* LaunchScreen.storyboard in Resources */,
				71FE6ADD216BAC6600562741 /* Assets.xcassets in Resources */,
				718F6711215B481000F59A5C /* Main.storyboard in Resources */,
			);
			runOnlyForDeploymentPostprocessing = 0;
		};
/* End PBXResourcesBuildPhase section */

/* Begin PBXSourcesBuildPhase section */
		714C42F921B01592004065ED /* Sources */ = {
			isa = PBXSourcesBuildPhase;
			buildActionMask = 2147483647;
			files = (
				714C430021B01592004065ED /* KeyboardViewController.swift in Sources */,
			);
			runOnlyForDeploymentPostprocessing = 0;
		};
		718F6704215B481000F59A5C /* Sources */ = {
			isa = PBXSourcesBuildPhase;
			buildActionMask = 2147483647;
			files = (
				716BAFF921838774001119DD /* ViewUtils.swift in Sources */,
				718366F1218314F1002E4277 /* ControllerUtils.swift in Sources */,
				718062BA218352E800248657 /* ShoppingProposalViewController.swift in Sources */,
				7136B1302172394800712CC0 /* Step.swift in Sources */,
				71D44F2621726CA2009EE89F /* RecipeIntroViewController.swift in Sources */,
				714B35AB218C87310079BAE1 /* ModelWithPicture.swift in Sources */,
				710D923A215FDBCA00E192C8 /* IngredientTableViewCell.swift in Sources */,
				716123BB215B6BC200B458A0 /* Ingredient.swift in Sources */,
				716123B9215B6B7200B458A0 /* Pantry.swift in Sources */,
				71D55AAC216A14F400906BFD /* SingleRecipe.swift in Sources */,
				7184C4A12163B840000886B0 /* ModelUtils.swift in Sources */,
				71D55AA8216A08D000906BFD /* RecipeSuggestionViewController.swift in Sources */,
				718F670E215B481000F59A5C /* PantryFillViewController.swift in Sources */,
				7136B132217240B800712CC0 /* RecipeViewController.swift in Sources */,
				7184C49F21637B7F000886B0 /* ServerConfig.swift in Sources */,
				718F670C215B481000F59A5C /* AppDelegate.swift in Sources */,
				714BB49A21675F6F00ACB4B9 /* Recipe.swift in Sources */,
			);
			runOnlyForDeploymentPostprocessing = 0;
		};
/* End PBXSourcesBuildPhase section */

/* Begin PBXTargetDependency section */
		714C430321B01593004065ED /* PBXTargetDependency */ = {
			isa = PBXTargetDependency;
			target = 714C42FC21B01592004065ED /* TooskieKeyboard */;
			targetProxy = 714C430221B01593004065ED /* PBXContainerItemProxy */;
		};
/* End PBXTargetDependency section */

/* Begin PBXVariantGroup section */
		718F670F215B481000F59A5C /* Main.storyboard */ = {
			isa = PBXVariantGroup;
			children = (
				718F6710215B481000F59A5C /* Base */,
			);
			name = Main.storyboard;
			sourceTree = "<group>";
		};
		718F6714215B481100F59A5C /* LaunchScreen.storyboard */ = {
			isa = PBXVariantGroup;
			children = (
				718F6715215B481100F59A5C /* Base */,
			);
			name = LaunchScreen.storyboard;
			sourceTree = "<group>";
		};
/* End PBXVariantGroup section */

/* Begin XCBuildConfiguration section */
		714C430521B01593004065ED /* Debug */ = {
			isa = XCBuildConfiguration;
			buildSettings = {
				CODE_SIGN_IDENTITY = "iPhone Developer";
				CODE_SIGN_STYLE = Automatic;
				DEVELOPMENT_TEAM = YNGC395ZP7;
				INFOPLIST_FILE = TooskieKeyboard/Info.plist;
				IPHONEOS_DEPLOYMENT_TARGET = 12.1;
				LD_RUNPATH_SEARCH_PATHS = (
					"$(inherited)",
					"@executable_path/Frameworks",
					"@executable_path/../../Frameworks",
				);
				PRODUCT_BUNDLE_IDENTIFIER = "antoine.tooskie-ios.TooskieKeyboard";
				PRODUCT_NAME = "$(TARGET_NAME)";
				SKIP_INSTALL = YES;
				SWIFT_VERSION = 4.2;
				TARGETED_DEVICE_FAMILY = "1,2";
			};
			name = Debug;
		};
		714C430621B01593004065ED /* Release */ = {
			isa = XCBuildConfiguration;
			buildSettings = {
				CODE_SIGN_IDENTITY = "iPhone Developer";
				CODE_SIGN_STYLE = Automatic;
				DEVELOPMENT_TEAM = YNGC395ZP7;
				INFOPLIST_FILE = TooskieKeyboard/Info.plist;
				IPHONEOS_DEPLOYMENT_TARGET = 12.1;
				LD_RUNPATH_SEARCH_PATHS = (
					"$(inherited)",
					"@executable_path/Frameworks",
					"@executable_path/../../Frameworks",
				);
				PRODUCT_BUNDLE_IDENTIFIER = "antoine.tooskie-ios.TooskieKeyboard";
				PRODUCT_NAME = "$(TARGET_NAME)";
				SKIP_INSTALL = YES;
				SWIFT_VERSION = 4.2;
				TARGETED_DEVICE_FAMILY = "1,2";
			};
			name = Release;
		};
		718F6718215B481100F59A5C /* Debug */ = {
			isa = XCBuildConfiguration;
			buildSettings = {
				ALWAYS_SEARCH_USER_PATHS = NO;
				CLANG_ANALYZER_NONNULL = YES;
				CLANG_ANALYZER_NUMBER_OBJECT_CONVERSION = YES_AGGRESSIVE;
				CLANG_CXX_LANGUAGE_STANDARD = "gnu++14";
				CLANG_CXX_LIBRARY = "libc++";
				CLANG_ENABLE_MODULES = YES;
				CLANG_ENABLE_OBJC_ARC = YES;
				CLANG_ENABLE_OBJC_WEAK = YES;
				CLANG_WARN_BLOCK_CAPTURE_AUTORELEASING = YES;
				CLANG_WARN_BOOL_CONVERSION = YES;
				CLANG_WARN_COMMA = YES;
				CLANG_WARN_CONSTANT_CONVERSION = YES;
				CLANG_WARN_DEPRECATED_OBJC_IMPLEMENTATIONS = YES;
				CLANG_WARN_DIRECT_OBJC_ISA_USAGE = YES_ERROR;
				CLANG_WARN_DOCUMENTATION_COMMENTS = YES;
				CLANG_WARN_EMPTY_BODY = YES;
				CLANG_WARN_ENUM_CONVERSION = YES;
				CLANG_WARN_INFINITE_RECURSION = YES;
				CLANG_WARN_INT_CONVERSION = YES;
				CLANG_WARN_NON_LITERAL_NULL_CONVERSION = YES;
				CLANG_WARN_OBJC_IMPLICIT_RETAIN_SELF = YES;
				CLANG_WARN_OBJC_LITERAL_CONVERSION = YES;
				CLANG_WARN_OBJC_ROOT_CLASS = YES_ERROR;
				CLANG_WARN_RANGE_LOOP_ANALYSIS = YES;
				CLANG_WARN_STRICT_PROTOTYPES = YES;
				CLANG_WARN_SUSPICIOUS_MOVE = YES;
				CLANG_WARN_UNGUARDED_AVAILABILITY = YES_AGGRESSIVE;
				CLANG_WARN_UNREACHABLE_CODE = YES;
				CLANG_WARN__DUPLICATE_METHOD_MATCH = YES;
				CODE_SIGN_IDENTITY = "iPhone Developer";
				COPY_PHASE_STRIP = NO;
				DEBUG_INFORMATION_FORMAT = dwarf;
				ENABLE_STRICT_OBJC_MSGSEND = YES;
				ENABLE_TESTABILITY = YES;
				GCC_C_LANGUAGE_STANDARD = gnu11;
				GCC_DYNAMIC_NO_PIC = NO;
				GCC_NO_COMMON_BLOCKS = YES;
				GCC_OPTIMIZATION_LEVEL = 0;
				GCC_PREPROCESSOR_DEFINITIONS = (
					"DEBUG=1",
					"$(inherited)",
				);
				GCC_WARN_64_TO_32_BIT_CONVERSION = YES;
				GCC_WARN_ABOUT_RETURN_TYPE = YES_ERROR;
				GCC_WARN_UNDECLARED_SELECTOR = YES;
				GCC_WARN_UNINITIALIZED_AUTOS = YES_AGGRESSIVE;
				GCC_WARN_UNUSED_FUNCTION = YES;
				GCC_WARN_UNUSED_VARIABLE = YES;
				IPHONEOS_DEPLOYMENT_TARGET = 11.0;
				MTL_ENABLE_DEBUG_INFO = INCLUDE_SOURCE;
				MTL_FAST_MATH = YES;
				ONLY_ACTIVE_ARCH = YES;
				SDKROOT = iphoneos;
				SWIFT_ACTIVE_COMPILATION_CONDITIONS = DEBUG;
				SWIFT_OPTIMIZATION_LEVEL = "-Onone";
			};
			name = Debug;
		};
		718F6719215B481100F59A5C /* Release */ = {
			isa = XCBuildConfiguration;
			buildSettings = {
				ALWAYS_SEARCH_USER_PATHS = NO;
				CLANG_ANALYZER_NONNULL = YES;
				CLANG_ANALYZER_NUMBER_OBJECT_CONVERSION = YES_AGGRESSIVE;
				CLANG_CXX_LANGUAGE_STANDARD = "gnu++14";
				CLANG_CXX_LIBRARY = "libc++";
				CLANG_ENABLE_MODULES = YES;
				CLANG_ENABLE_OBJC_ARC = YES;
				CLANG_ENABLE_OBJC_WEAK = YES;
				CLANG_WARN_BLOCK_CAPTURE_AUTORELEASING = YES;
				CLANG_WARN_BOOL_CONVERSION = YES;
				CLANG_WARN_COMMA = YES;
				CLANG_WARN_CONSTANT_CONVERSION = YES;
				CLANG_WARN_DEPRECATED_OBJC_IMPLEMENTATIONS = YES;
				CLANG_WARN_DIRECT_OBJC_ISA_USAGE = YES_ERROR;
				CLANG_WARN_DOCUMENTATION_COMMENTS = YES;
				CLANG_WARN_EMPTY_BODY = YES;
				CLANG_WARN_ENUM_CONVERSION = YES;
				CLANG_WARN_INFINITE_RECURSION = YES;
				CLANG_WARN_INT_CONVERSION = YES;
				CLANG_WARN_NON_LITERAL_NULL_CONVERSION = YES;
				CLANG_WARN_OBJC_IMPLICIT_RETAIN_SELF = YES;
				CLANG_WARN_OBJC_LITERAL_CONVERSION = YES;
				CLANG_WARN_OBJC_ROOT_CLASS = YES_ERROR;
				CLANG_WARN_RANGE_LOOP_ANALYSIS = YES;
				CLANG_WARN_STRICT_PROTOTYPES = YES;
				CLANG_WARN_SUSPICIOUS_MOVE = YES;
				CLANG_WARN_UNGUARDED_AVAILABILITY = YES_AGGRESSIVE;
				CLANG_WARN_UNREACHABLE_CODE = YES;
				CLANG_WARN__DUPLICATE_METHOD_MATCH = YES;
				CODE_SIGN_IDENTITY = "iPhone Developer";
				COPY_PHASE_STRIP = NO;
				DEBUG_INFORMATION_FORMAT = "dwarf-with-dsym";
				ENABLE_NS_ASSERTIONS = NO;
				ENABLE_STRICT_OBJC_MSGSEND = YES;
				GCC_C_LANGUAGE_STANDARD = gnu11;
				GCC_NO_COMMON_BLOCKS = YES;
				GCC_WARN_64_TO_32_BIT_CONVERSION = YES;
				GCC_WARN_ABOUT_RETURN_TYPE = YES_ERROR;
				GCC_WARN_UNDECLARED_SELECTOR = YES;
				GCC_WARN_UNINITIALIZED_AUTOS = YES_AGGRESSIVE;
				GCC_WARN_UNUSED_FUNCTION = YES;
				GCC_WARN_UNUSED_VARIABLE = YES;
				IPHONEOS_DEPLOYMENT_TARGET = 11.0;
				MTL_ENABLE_DEBUG_INFO = NO;
				MTL_FAST_MATH = YES;
				SDKROOT = iphoneos;
				SWIFT_COMPILATION_MODE = wholemodule;
				SWIFT_OPTIMIZATION_LEVEL = "-O";
				VALIDATE_PRODUCT = YES;
			};
			name = Release;
		};
		718F671B215B481100F59A5C /* Debug */ = {
			isa = XCBuildConfiguration;
			buildSettings = {
				ALWAYS_EMBED_SWIFT_STANDARD_LIBRARIES = YES;
				ASSETCATALOG_COMPILER_APPICON_NAME = AppIcon;
				CODE_SIGN_IDENTITY = "iPhone Developer";
				CODE_SIGN_STYLE = Automatic;
				DEVELOPMENT_TEAM = YNGC395ZP7;
				INFOPLIST_FILE = "tooskie-ios/Info.plist";
				IPHONEOS_DEPLOYMENT_TARGET = 12.1;
				LD_RUNPATH_SEARCH_PATHS = (
					"$(inherited)",
					"@executable_path/Frameworks",
				);
				PRODUCT_BUNDLE_IDENTIFIER = "antoine.tooskie-ios";
				PRODUCT_NAME = "$(TARGET_NAME)";
				PROVISIONING_PROFILE_SPECIFIER = "";
				SWIFT_VERSION = 4.2;
				TARGETED_DEVICE_FAMILY = "1,2";
			};
			name = Debug;
		};
		718F671C215B481100F59A5C /* Release */ = {
			isa = XCBuildConfiguration;
			buildSettings = {
				ALWAYS_EMBED_SWIFT_STANDARD_LIBRARIES = YES;
				ASSETCATALOG_COMPILER_APPICON_NAME = AppIcon;
				CODE_SIGN_IDENTITY = "iPhone Developer";
				CODE_SIGN_STYLE = Automatic;
				DEVELOPMENT_TEAM = YNGC395ZP7;
				INFOPLIST_FILE = "tooskie-ios/Info.plist";
				IPHONEOS_DEPLOYMENT_TARGET = 12.1;
				LD_RUNPATH_SEARCH_PATHS = (
					"$(inherited)",
					"@executable_path/Frameworks",
				);
				PRODUCT_BUNDLE_IDENTIFIER = "antoine.tooskie-ios";
				PRODUCT_NAME = "$(TARGET_NAME)";
				PROVISIONING_PROFILE_SPECIFIER = "";
				SWIFT_VERSION = 4.2;
				TARGETED_DEVICE_FAMILY = "1,2";
			};
			name = Release;
		};
/* End XCBuildConfiguration section */

/* Begin XCConfigurationList section */
		714C430721B01593004065ED /* Build configuration list for PBXNativeTarget "TooskieKeyboard" */ = {
			isa = XCConfigurationList;
			buildConfigurations = (
				714C430521B01593004065ED /* Debug */,
				714C430621B01593004065ED /* Release */,
			);
			defaultConfigurationIsVisible = 0;
			defaultConfigurationName = Release;
		};
		718F6703215B481000F59A5C /* Build configuration list for PBXProject "tooskie-ios" */ = {
			isa = XCConfigurationList;
			buildConfigurations = (
				718F6718215B481100F59A5C /* Debug */,
				718F6719215B481100F59A5C /* Release */,
			);
			defaultConfigurationIsVisible = 0;
			defaultConfigurationName = Release;
		};
		718F671A215B481100F59A5C /* Build configuration list for PBXNativeTarget "tooskie-ios" */ = {
			isa = XCConfigurationList;
			buildConfigurations = (
				718F671B215B481100F59A5C /* Debug */,
				718F671C215B481100F59A5C /* Release */,
			);
			defaultConfigurationIsVisible = 0;
			defaultConfigurationName = Release;
		};
/* End XCConfigurationList section */
	};
	rootObject = 718F6700215B481000F59A5C /* Project object */;
}
